
Microsoft Visual Studio Solution File, Format Version 12.00
# Visual Studio Version 17
VisualStudioVersion = 17.11.35222.181
MinimumVisualStudioVersion = 10.0.40219.1
Project("{FAE04EC0-301F-11D3-BF4B-00C04F79EFBC}") = "ApplicationLayer", "ApplicationLayer\ApplicationLayer.csproj", "{327C5AB9-AB59-42C1-BE69-7DDA4B50ADD7}"
EndProject
Project("{FAE04EC0-301F-11D3-BF4B-00C04F79EFBC}") = "InfrastructureLayer", "InfrastructureLayer\InfrastructureLayer.csproj", "{CE7C1EA8-103B-4F57-B283-01A00616AF6B}"
EndProject
Project("{FAE04EC0-301F-11D3-BF4B-00C04F79EFBC}") = "DomainLayer", "DomainLayer\DomainLayer.csproj", "{65CAB8A2-06C1-4335-BE2F-54C1F6A54CDE}"
EndProject
Project("{FAE04EC0-301F-11D3-BF4B-00C04F79EFBC}") = "PresentationLayer", "PresentationLayer\PresentationLayer.csproj", "{58C209A3-8AC5-49E1-879A-8DCD755D65E8}"
EndProject
Project("{2150E333-8FDC-42A3-9474-1A3956D46DE8}") = "Solution Items", "Solution Items", "{22BBEDC3-7C9F-4B04-979B-A6E6870002F8}"
	ProjectSection(SolutionItems) = preProject
		..\..\..\..\..\Downloads\gitignore.txt = ..\..\..\..\..\Downloads\gitignore.txt
	EndProjectSection
EndProject
Global
	GlobalSection(SolutionConfigurationPlatforms) = preSolution
		Debug|Any CPU = Debug|Any CPU
		Release|Any CPU = Release|Any CPU
	EndGlobalSection
	GlobalSection(ProjectConfigurationPlatforms) = postSolution
		{327C5AB9-AB59-42C1-BE69-7DDA4B50ADD7}.Debug|Any CPU.ActiveCfg = Debug|Any CPU
		{327C5AB9-AB59-42C1-BE69-7DDA4B50ADD7}.Debug|Any CPU.Build.0 = Debug|Any CPU
		{327C5AB9-AB59-42C1-BE69-7DDA4B50ADD7}.Release|Any CPU.ActiveCfg = Release|Any CPU
		{327C5AB9-AB59-42C1-BE69-7DDA4B50ADD7}.Release|Any CPU.Build.0 = Release|Any CPU
		{CE7C1EA8-103B-4F57-B283-01A00616AF6B}.Debug|Any CPU.ActiveCfg = Debug|Any CPU
		{CE7C1EA8-103B-4F57-B283-01A00616AF6B}.Debug|Any CPU.Build.0 = Debug|Any CPU
		{CE7C1EA8-103B-4F57-B283-01A00616AF6B}.Release|Any CPU.ActiveCfg = Release|Any CPU
		{CE7C1EA8-103B-4F57-B283-01A00616AF6B}.Release|Any CPU.Build.0 = Release|Any CPU
		{65CAB8A2-06C1-4335-BE2F-54C1F6A54CDE}.Debug|Any CPU.ActiveCfg = Debug|Any CPU
		{65CAB8A2-06C1-4335-BE2F-54C1F6A54CDE}.Debug|Any CPU.Build.0 = Debug|Any CPU
		{65CAB8A2-06C1-4335-BE2F-54C1F6A54CDE}.Release|Any CPU.ActiveCfg = Release|Any CPU
		{65CAB8A2-06C1-4335-BE2F-54C1F6A54CDE}.Release|Any CPU.Build.0 = Release|Any CPU
		{58C209A3-8AC5-49E1-879A-8DCD755D65E8}.Debug|Any CPU.ActiveCfg = Debug|Any CPU
		{58C209A3-8AC5-49E1-879A-8DCD755D65E8}.Debug|Any CPU.Build.0 = Debug|Any CPU
		{58C209A3-8AC5-49E1-879A-8DCD755D65E8}.Release|Any CPU.ActiveCfg = Release|Any CPU
		{58C209A3-8AC5-49E1-879A-8DCD755D65E8}.Release|Any CPU.Build.0 = Release|Any CPU
	EndGlobalSection
	GlobalSection(SolutionProperties) = preSolution
		HideSolutionNode = FALSE
	EndGlobalSection
	GlobalSection(ExtensibilityGlobals) = postSolution
		SolutionGuid = {9CCD9041-54FA-457F-885B-3342094D76C0}
	EndGlobalSection
EndGlobal
